
Microsoft Visual Studio Solution File, Format Version 12.00
# Visual Studio Version 16
VisualStudioVersion = 16.0.31025.194
MinimumVisualStudioVersion = 10.0.40219.1
Project("{FAE04EC0-301F-11D3-BF4B-00C04F79EFBC}") = "Praat Met De Ai", "Praat Met De Ai\Praat Met De Ai.csproj", "{2DB207B2-6EDB-41E7-9F67-EA5F646A206D}"
EndProject
Global
	GlobalSection(SolutionConfigurationPlatforms) = preSolution
		Debug|Any CPU = Debug|Any CPU
		Release|Any CPU = Release|Any CPU
	EndGlobalSection
	GlobalSection(ProjectConfigurationPlatforms) = postSolution
		{2DB207B2-6EDB-41E7-9F67-EA5F646A206D}.Debug|Any CPU.ActiveCfg = Debug|Any CPU
		{2DB207B2-6EDB-41E7-9F67-EA5F646A206D}.Debug|Any CPU.Build.0 = Debug|Any CPU
		{2DB207B2-6EDB-41E7-9F67-EA5F646A206D}.Release|Any CPU.ActiveCfg = Release|Any CPU
		{2DB207B2-6EDB-41E7-9F67-EA5F646A206D}.Release|Any CPU.Build.0 = Release|Any CPU
	EndGlobalSection
	GlobalSection(SolutionProperties) = preSolution
		HideSolutionNode = FALSE
	EndGlobalSection
	GlobalSection(ExtensibilityGlobals) = postSolution
		SolutionGuid = {F62FCD3B-71EE-4DAA-BF1C-686E3964177A}
	EndGlobalSection
EndGlobal
